
Microsoft Visual Studio Solution File, Format Version 11.00
# Visual Studio 2010
Project("{FAE04EC0-301F-11D3-BF4B-00C04F79EFBC}") = "Assembly-CSharp", "Assembly-CSharp.csproj", "{CFA017BA-E72F-C448-3201-1A2990CEA9C3}"
EndProject
Project("{FAE04EC0-301F-11D3-BF4B-00C04F79EFBC}") = "Assembly-CSharp-Editor", "Assembly-CSharp-Editor.csproj", "{DFB4F895-4B7E-1FB3-BC2D-0DC11916F25F}"
EndProject
Global
	GlobalSection(SolutionConfigurationPlatforms) = preSolution
		Debug|Any CPU = Debug|Any CPU
		Release|Any CPU = Release|Any CPU
	EndGlobalSection
	GlobalSection(ProjectConfigurationPlatforms) = postSolution
		{CFA017BA-E72F-C448-3201-1A2990CEA9C3}.Debug|Any CPU.ActiveCfg = Debug|Any CPU
		{CFA017BA-E72F-C448-3201-1A2990CEA9C3}.Debug|Any CPU.Build.0 = Debug|Any CPU
		{CFA017BA-E72F-C448-3201-1A2990CEA9C3}.Release|Any CPU.ActiveCfg = Release|Any CPU
		{CFA017BA-E72F-C448-3201-1A2990CEA9C3}.Release|Any CPU.Build.0 = Release|Any CPU
		{DFB4F895-4B7E-1FB3-BC2D-0DC11916F25F}.Debug|Any CPU.ActiveCfg = Debug|Any CPU
		{DFB4F895-4B7E-1FB3-BC2D-0DC11916F25F}.Debug|Any CPU.Build.0 = Debug|Any CPU
		{DFB4F895-4B7E-1FB3-BC2D-0DC11916F25F}.Release|Any CPU.ActiveCfg = Release|Any CPU
		{DFB4F895-4B7E-1FB3-BC2D-0DC11916F25F}.Release|Any CPU.Build.0 = Release|Any CPU
	EndGlobalSection
	GlobalSection(SolutionProperties) = preSolution
		HideSolutionNode = FALSE
	EndGlobalSection
	GlobalSection(MonoDevelopProperties) = preSolution
		StartupItem = Assembly-CSharp.csproj
	EndGlobalSection
EndGlobal
